
Microsoft Visual Studio Solution File, Format Version 12.00
Project("{FAE04EC0-301F-11D3-BF4B-00C04F79EFBC}") = "MiniBankAPI", "MiniBankAPI.csproj", "{F2D63FC8-AC58-407D-B613-684E1A5338E1}"
EndProject
Project("{2150E333-8FDC-42A3-9474-1A3956D46DE8}") = "Solution Items", "Solution Items", "{CBAE6710-1C92-4C52-8108-BDF517C35D3E}"
	ProjectSection(SolutionItems) = preProject
		compose.yaml = compose.yaml
	EndProjectSection
EndProject
Global
	GlobalSection(SolutionConfigurationPlatforms) = preSolution
		Debug|Any CPU = Debug|Any CPU
		Release|Any CPU = Release|Any CPU
	EndGlobalSection
	GlobalSection(ProjectConfigurationPlatforms) = postSolution
		{F2D63FC8-AC58-407D-B613-684E1A5338E1}.Debug|Any CPU.ActiveCfg = Debug|Any CPU
		{F2D63FC8-AC58-407D-B613-684E1A5338E1}.Debug|Any CPU.Build.0 = Debug|Any CPU
		{F2D63FC8-AC58-407D-B613-684E1A5338E1}.Release|Any CPU.ActiveCfg = Release|Any CPU
		{F2D63FC8-AC58-407D-B613-684E1A5338E1}.Release|Any CPU.Build.0 = Release|Any CPU
	EndGlobalSection
EndGlobal
